
Microsoft Visual Studio Solution File, Format Version 12.00
# Visual Studio 15
VisualStudioVersion = 15.0.28307.329
MinimumVisualStudioVersion = 10.0.40219.1
Project("{FAE04EC0-301F-11D3-BF4B-00C04F79EFBC}") = "VueProject", "VueProject\VueProject.csproj", "{A2327785-1A49-4527-806A-453B72A33B25}"
EndProject
Global
	GlobalSection(SolutionConfigurationPlatforms) = preSolution
		Debug|Any CPU = Debug|Any CPU
		Release|Any CPU = Release|Any CPU
	EndGlobalSection
	GlobalSection(ProjectConfigurationPlatforms) = postSolution
		{A2327785-1A49-4527-806A-453B72A33B25}.Debug|Any CPU.ActiveCfg = Debug|Any CPU
		{A2327785-1A49-4527-806A-453B72A33B25}.Debug|Any CPU.Build.0 = Debug|Any CPU
		{A2327785-1A49-4527-806A-453B72A33B25}.Release|Any CPU.ActiveCfg = Release|Any CPU
		{A2327785-1A49-4527-806A-453B72A33B25}.Release|Any CPU.Build.0 = Release|Any CPU
	EndGlobalSection
	GlobalSection(SolutionProperties) = preSolution
		HideSolutionNode = FALSE
	EndGlobalSection
	GlobalSection(ExtensibilityGlobals) = postSolution
		SolutionGuid = {3D4393D4-6FEA-44E2-9667-955E3563DC87}
	EndGlobalSection
EndGlobal
